
Microsoft Visual Studio Solution File, Format Version 12.00
# Visual Studio Version 16
VisualStudioVersion = 16.0.30114.105
MinimumVisualStudioVersion = 10.0.40219.1
Project("{D954291E-2A0B-460D-934E-DC6B0785DB48}") = "textblockbug.Shared", "textblockbug.Shared\textblockbug.Shared.shproj", "{6279C845-92F8-4333-AB99-3D213163593C}"
EndProject
Project("{FAE04EC0-301F-11D3-BF4B-00C04F79EFBC}") = "textblockbug.Droid", "textblockbug.Droid\textblockbug.Droid.csproj", "{65AE9B4C-0093-4518-858E-63A4801B0CB0}"
EndProject
Project("{FAE04EC0-301F-11D3-BF4B-00C04F79EFBC}") = "textblockbug.iOS", "textblockbug.iOS\textblockbug.iOS.csproj", "{97417B27-33DC-46EC-B9ED-9C37BC3984C9}"
EndProject
Project("{FAE04EC0-301F-11D3-BF4B-00C04F79EFBC}") = "textblockbug.UWP", "textblockbug.UWP\textblockbug.UWP.csproj", "{0F662631-A73B-45D8-97FE-628D7CA64473}"
EndProject
Project("{FAE04EC0-301F-11D3-BF4B-00C04F79EFBC}") = "textblockbug.Wasm", "textblockbug.Wasm\textblockbug.Wasm.csproj", "{2A00C566-70D6-43A6-BA4F-E21FF9D8068A}"
EndProject
Project("{FAE04EC0-301F-11D3-BF4B-00C04F79EFBC}") = "textblockbug.macOS", "textblockbug.macOS\textblockbug.macOS.csproj", "{A6EFD8BF-3229-446C-BED4-6FD374BC9251}"
EndProject
Global
	GlobalSection(SharedMSBuildProjectFiles) = preSolution
		textblockbug.Shared\textblockbug.Shared.projitems*{0f662631-a73b-45d8-97fe-628d7ca64473}*SharedItemsImports = 4
		textblockbug.Shared\textblockbug.Shared.projitems*{2a00c566-70d6-43a6-ba4f-e21ff9d8068a}*SharedItemsImports = 5
		textblockbug.Shared\textblockbug.Shared.projitems*{6279c845-92f8-4333-ab99-3d213163593c}*SharedItemsImports = 13
		textblockbug.Shared\textblockbug.Shared.projitems*{65ae9b4c-0093-4518-858e-63a4801b0cb0}*SharedItemsImports = 4
		textblockbug.Shared\textblockbug.Shared.projitems*{97417b27-33dc-46ec-b9ed-9c37bc3984c9}*SharedItemsImports = 4
		textblockbug.Shared\textblockbug.Shared.projitems*{a6efd8bf-3229-446c-bed4-6fd374bc9251}*SharedItemsImports = 4
	EndGlobalSection
	GlobalSection(SolutionConfigurationPlatforms) = preSolution
		Ad-Hoc|Any CPU = Ad-Hoc|Any CPU
		Ad-Hoc|ARM = Ad-Hoc|ARM
		Ad-Hoc|ARM64 = Ad-Hoc|ARM64
		Ad-Hoc|iPhone = Ad-Hoc|iPhone
		Ad-Hoc|iPhoneSimulator = Ad-Hoc|iPhoneSimulator
		Ad-Hoc|x64 = Ad-Hoc|x64
		Ad-Hoc|x86 = Ad-Hoc|x86
		AppStore|Any CPU = AppStore|Any CPU
		AppStore|ARM = AppStore|ARM
		AppStore|ARM64 = AppStore|ARM64
		AppStore|iPhone = AppStore|iPhone
		AppStore|iPhoneSimulator = AppStore|iPhoneSimulator
		AppStore|x64 = AppStore|x64
		AppStore|x86 = AppStore|x86
		Debug|Any CPU = Debug|Any CPU
		Debug|ARM = Debug|ARM
		Debug|ARM64 = Debug|ARM64
		Debug|iPhone = Debug|iPhone
		Debug|iPhoneSimulator = Debug|iPhoneSimulator
		Debug|x64 = Debug|x64
		Debug|x86 = Debug|x86
		Release|Any CPU = Release|Any CPU
		Release|ARM = Release|ARM
		Release|ARM64 = Release|ARM64
		Release|iPhone = Release|iPhone
		Release|iPhoneSimulator = Release|iPhoneSimulator
		Release|x64 = Release|x64
		Release|x86 = Release|x86
	EndGlobalSection
	GlobalSection(ProjectConfigurationPlatforms) = postSolution
		{65AE9B4C-0093-4518-858E-63A4801B0CB0}.Ad-Hoc|Any CPU.ActiveCfg = Release|Any CPU
		{65AE9B4C-0093-4518-858E-63A4801B0CB0}.Ad-Hoc|Any CPU.Build.0 = Release|Any CPU
		{65AE9B4C-0093-4518-858E-63A4801B0CB0}.Ad-Hoc|Any CPU.Deploy.0 = Release|Any CPU
		{65AE9B4C-0093-4518-858E-63A4801B0CB0}.Ad-Hoc|ARM.ActiveCfg = Release|Any CPU
		{65AE9B4C-0093-4518-858E-63A4801B0CB0}.Ad-Hoc|ARM.Build.0 = Release|Any CPU
		{65AE9B4C-0093-4518-858E-63A4801B0CB0}.Ad-Hoc|ARM.Deploy.0 = Release|Any CPU
		{65AE9B4C-0093-4518-858E-63A4801B0CB0}.Ad-Hoc|ARM64.ActiveCfg = Release|Any CPU
		{65AE9B4C-0093-4518-858E-63A4801B0CB0}.Ad-Hoc|ARM64.Build.0 = Release|Any CPU
		{65AE9B4C-0093-4518-858E-63A4801B0CB0}.Ad-Hoc|ARM64.Deploy.0 = Release|Any CPU
		{65AE9B4C-0093-4518-858E-63A4801B0CB0}.Ad-Hoc|iPhone.ActiveCfg = Release|Any CPU
		{65AE9B4C-0093-4518-858E-63A4801B0CB0}.Ad-Hoc|iPhone.Build.0 = Release|Any CPU
		{65AE9B4C-0093-4518-858E-63A4801B0CB0}.Ad-Hoc|iPhone.Deploy.0 = Release|Any CPU
		{65AE9B4C-0093-4518-858E-63A4801B0CB0}.Ad-Hoc|iPhoneSimulator.ActiveCfg = Release|Any CPU
		{65AE9B4C-0093-4518-858E-63A4801B0CB0}.Ad-Hoc|iPhoneSimulator.Build.0 = Release|Any CPU
		{65AE9B4C-0093-4518-858E-63A4801B0CB0}.Ad-Hoc|iPhoneSimulator.Deploy.0 = Release|Any CPU
		{65AE9B4C-0093-4518-858E-63A4801B0CB0}.Ad-Hoc|x64.ActiveCfg = Release|Any CPU
		{65AE9B4C-0093-4518-858E-63A4801B0CB0}.Ad-Hoc|x64.Build.0 = Release|Any CPU
		{65AE9B4C-0093-4518-858E-63A4801B0CB0}.Ad-Hoc|x64.Deploy.0 = Release|Any CPU
		{65AE9B4C-0093-4518-858E-63A4801B0CB0}.Ad-Hoc|x86.ActiveCfg = Release|Any CPU
		{65AE9B4C-0093-4518-858E-63A4801B0CB0}.Ad-Hoc|x86.Build.0 = Release|Any CPU
		{65AE9B4C-0093-4518-858E-63A4801B0CB0}.Ad-Hoc|x86.Deploy.0 = Release|Any CPU
		{65AE9B4C-0093-4518-858E-63A4801B0CB0}.AppStore|Any CPU.ActiveCfg = Release|Any CPU
		{65AE9B4C-0093-4518-858E-63A4801B0CB0}.AppStore|Any CPU.Build.0 = Release|Any CPU
		{65AE9B4C-0093-4518-858E-63A4801B0CB0}.AppStore|Any CPU.Deploy.0 = Release|Any CPU
		{65AE9B4C-0093-4518-858E-63A4801B0CB0}.AppStore|ARM.ActiveCfg = Release|Any CPU
		{65AE9B4C-0093-4518-858E-63A4801B0CB0}.AppStore|ARM.Build.0 = Release|Any CPU
		{65AE9B4C-0093-4518-858E-63A4801B0CB0}.AppStore|ARM.Deploy.0 = Release|Any CPU
		{65AE9B4C-0093-4518-858E-63A4801B0CB0}.AppStore|ARM64.ActiveCfg = Release|Any CPU
		{65AE9B4C-0093-4518-858E-63A4801B0CB0}.AppStore|ARM64.Build.0 = Release|Any CPU
		{65AE9B4C-0093-4518-858E-63A4801B0CB0}.AppStore|ARM64.Deploy.0 = Release|Any CPU
		{65AE9B4C-0093-4518-858E-63A4801B0CB0}.AppStore|iPhone.ActiveCfg = Release|Any CPU
		{65AE9B4C-0093-4518-858E-63A4801B0CB0}.AppStore|iPhone.Build.0 = Release|Any CPU
		{65AE9B4C-0093-4518-858E-63A4801B0CB0}.AppStore|iPhone.Deploy.0 = Release|Any CPU
		{65AE9B4C-0093-4518-858E-63A4801B0CB0}.AppStore|iPhoneSimulator.ActiveCfg = Release|Any CPU
		{65AE9B4C-0093-4518-858E-63A4801B0CB0}.AppStore|iPhoneSimulator.Build.0 = Release|Any CPU
		{65AE9B4C-0093-4518-858E-63A4801B0CB0}.AppStore|iPhoneSimulator.Deploy.0 = Release|Any CPU
		{65AE9B4C-0093-4518-858E-63A4801B0CB0}.AppStore|x64.ActiveCfg = Release|Any CPU
		{65AE9B4C-0093-4518-858E-63A4801B0CB0}.AppStore|x64.Build.0 = Release|Any CPU
		{65AE9B4C-0093-4518-858E-63A4801B0CB0}.AppStore|x64.Deploy.0 = Release|Any CPU
		{65AE9B4C-0093-4518-858E-63A4801B0CB0}.AppStore|x86.ActiveCfg = Release|Any CPU
		{65AE9B4C-0093-4518-858E-63A4801B0CB0}.AppStore|x86.Build.0 = Release|Any CPU
		{65AE9B4C-0093-4518-858E-63A4801B0CB0}.AppStore|x86.Deploy.0 = Release|Any CPU
		{65AE9B4C-0093-4518-858E-63A4801B0CB0}.Debug|Any CPU.ActiveCfg = Debug|Any CPU
		{65AE9B4C-0093-4518-858E-63A4801B0CB0}.Debug|Any CPU.Build.0 = Debug|Any CPU
		{65AE9B4C-0093-4518-858E-63A4801B0CB0}.Debug|Any CPU.Deploy.0 = Debug|Any CPU
		{65AE9B4C-0093-4518-858E-63A4801B0CB0}.Debug|ARM.ActiveCfg = Debug|Any CPU
		{65AE9B4C-0093-4518-858E-63A4801B0CB0}.Debug|ARM.Build.0 = Debug|Any CPU
		{65AE9B4C-0093-4518-858E-63A4801B0CB0}.Debug|ARM.Deploy.0 = Debug|Any CPU
		{65AE9B4C-0093-4518-858E-63A4801B0CB0}.Debug|ARM64.ActiveCfg = Debug|Any CPU
		{65AE9B4C-0093-4518-858E-63A4801B0CB0}.Debug|ARM64.Build.0 = Debug|Any CPU
		{65AE9B4C-0093-4518-858E-63A4801B0CB0}.Debug|ARM64.Deploy.0 = Debug|Any CPU
		{65AE9B4C-0093-4518-858E-63A4801B0CB0}.Debug|iPhone.ActiveCfg = Debug|Any CPU
		{65AE9B4C-0093-4518-858E-63A4801B0CB0}.Debug|iPhone.Build.0 = Debug|Any CPU
		{65AE9B4C-0093-4518-858E-63A4801B0CB0}.Debug|iPhone.Deploy.0 = Debug|Any CPU
		{65AE9B4C-0093-4518-858E-63A4801B0CB0}.Debug|iPhoneSimulator.ActiveCfg = Debug|Any CPU
		{65AE9B4C-0093-4518-858E-63A4801B0CB0}.Debug|iPhoneSimulator.Build.0 = Debug|Any CPU
		{65AE9B4C-0093-4518-858E-63A4801B0CB0}.Debug|iPhoneSimulator.Deploy.0 = Debug|Any CPU
		{65AE9B4C-0093-4518-858E-63A4801B0CB0}.Debug|x64.ActiveCfg = Debug|Any CPU
		{65AE9B4C-0093-4518-858E-63A4801B0CB0}.Debug|x64.Build.0 = Debug|Any CPU
		{65AE9B4C-0093-4518-858E-63A4801B0CB0}.Debug|x64.Deploy.0 = Debug|Any CPU
		{65AE9B4C-0093-4518-858E-63A4801B0CB0}.Debug|x86.ActiveCfg = Debug|Any CPU
		{65AE9B4C-0093-4518-858E-63A4801B0CB0}.Debug|x86.Build.0 = Debug|Any CPU
		{65AE9B4C-0093-4518-858E-63A4801B0CB0}.Debug|x86.Deploy.0 = Debug|Any CPU
		{65AE9B4C-0093-4518-858E-63A4801B0CB0}.Release|Any CPU.ActiveCfg = Release|Any CPU
		{65AE9B4C-0093-4518-858E-63A4801B0CB0}.Release|Any CPU.Build.0 = Release|Any CPU
		{65AE9B4C-0093-4518-858E-63A4801B0CB0}.Release|Any CPU.Deploy.0 = Release|Any CPU
		{65AE9B4C-0093-4518-858E-63A4801B0CB0}.Release|ARM.ActiveCfg = Release|Any CPU
		{65AE9B4C-0093-4518-858E-63A4801B0CB0}.Release|ARM.Build.0 = Release|Any CPU
		{65AE9B4C-0093-4518-858E-63A4801B0CB0}.Release|ARM.Deploy.0 = Release|Any CPU
		{65AE9B4C-0093-4518-858E-63A4801B0CB0}.Release|ARM64.ActiveCfg = Release|Any CPU
		{65AE9B4C-0093-4518-858E-63A4801B0CB0}.Release|ARM64.Build.0 = Release|Any CPU
		{65AE9B4C-0093-4518-858E-63A4801B0CB0}.Release|ARM64.Deploy.0 = Release|Any CPU
		{65AE9B4C-0093-4518-858E-63A4801B0CB0}.Release|iPhone.ActiveCfg = Release|Any CPU
		{65AE9B4C-0093-4518-858E-63A4801B0CB0}.Release|iPhone.Build.0 = Release|Any CPU
		{65AE9B4C-0093-4518-858E-63A4801B0CB0}.Release|iPhone.Deploy.0 = Release|Any CPU
		{65AE9B4C-0093-4518-858E-63A4801B0CB0}.Release|iPhoneSimulator.ActiveCfg = Release|Any CPU
		{65AE9B4C-0093-4518-858E-63A4801B0CB0}.Release|iPhoneSimulator.Build.0 = Release|Any CPU
		{65AE9B4C-0093-4518-858E-63A4801B0CB0}.Release|iPhoneSimulator.Deploy.0 = Release|Any CPU
		{65AE9B4C-0093-4518-858E-63A4801B0CB0}.Release|x64.ActiveCfg = Release|Any CPU
		{65AE9B4C-0093-4518-858E-63A4801B0CB0}.Release|x64.Build.0 = Release|Any CPU
		{65AE9B4C-0093-4518-858E-63A4801B0CB0}.Release|x64.Deploy.0 = Release|Any CPU
		{65AE9B4C-0093-4518-858E-63A4801B0CB0}.Release|x86.ActiveCfg = Release|Any CPU
		{65AE9B4C-0093-4518-858E-63A4801B0CB0}.Release|x86.Build.0 = Release|Any CPU
		{65AE9B4C-0093-4518-858E-63A4801B0CB0}.Release|x86.Deploy.0 = Release|Any CPU
		{97417B27-33DC-46EC-B9ED-9C37BC3984C9}.Ad-Hoc|Any CPU.ActiveCfg = Ad-Hoc|iPhone
		{97417B27-33DC-46EC-B9ED-9C37BC3984C9}.Ad-Hoc|ARM.ActiveCfg = Ad-Hoc|iPhone
		{97417B27-33DC-46EC-B9ED-9C37BC3984C9}.Ad-Hoc|ARM64.ActiveCfg = Ad-Hoc|iPhone
		{97417B27-33DC-46EC-B9ED-9C37BC3984C9}.Ad-Hoc|iPhone.ActiveCfg = Ad-Hoc|iPhone
		{97417B27-33DC-46EC-B9ED-9C37BC3984C9}.Ad-Hoc|iPhone.Build.0 = Ad-Hoc|iPhone
		{97417B27-33DC-46EC-B9ED-9C37BC3984C9}.Ad-Hoc|iPhoneSimulator.ActiveCfg = Ad-Hoc|iPhoneSimulator
		{97417B27-33DC-46EC-B9ED-9C37BC3984C9}.Ad-Hoc|iPhoneSimulator.Build.0 = Ad-Hoc|iPhoneSimulator
		{97417B27-33DC-46EC-B9ED-9C37BC3984C9}.Ad-Hoc|x64.ActiveCfg = Ad-Hoc|iPhone
		{97417B27-33DC-46EC-B9ED-9C37BC3984C9}.Ad-Hoc|x86.ActiveCfg = Ad-Hoc|iPhone
		{97417B27-33DC-46EC-B9ED-9C37BC3984C9}.AppStore|Any CPU.ActiveCfg = AppStore|iPhone
		{97417B27-33DC-46EC-B9ED-9C37BC3984C9}.AppStore|ARM.ActiveCfg = AppStore|iPhone
		{97417B27-33DC-46EC-B9ED-9C37BC3984C9}.AppStore|ARM64.ActiveCfg = AppStore|iPhone
		{97417B27-33DC-46EC-B9ED-9C37BC3984C9}.AppStore|iPhone.ActiveCfg = AppStore|iPhone
		{97417B27-33DC-46EC-B9ED-9C37BC3984C9}.AppStore|iPhone.Build.0 = AppStore|iPhone
		{97417B27-33DC-46EC-B9ED-9C37BC3984C9}.AppStore|iPhoneSimulator.ActiveCfg = AppStore|iPhoneSimulator
		{97417B27-33DC-46EC-B9ED-9C37BC3984C9}.AppStore|iPhoneSimulator.Build.0 = AppStore|iPhoneSimulator
		{97417B27-33DC-46EC-B9ED-9C37BC3984C9}.AppStore|x64.ActiveCfg = AppStore|iPhone
		{97417B27-33DC-46EC-B9ED-9C37BC3984C9}.AppStore|x86.ActiveCfg = AppStore|iPhone
		{97417B27-33DC-46EC-B9ED-9C37BC3984C9}.Debug|Any CPU.ActiveCfg = Debug|iPhone
		{97417B27-33DC-46EC-B9ED-9C37BC3984C9}.Debug|ARM.ActiveCfg = Debug|iPhone
		{97417B27-33DC-46EC-B9ED-9C37BC3984C9}.Debug|ARM64.ActiveCfg = Debug|iPhone
		{97417B27-33DC-46EC-B9ED-9C37BC3984C9}.Debug|iPhone.ActiveCfg = Debug|iPhone
		{97417B27-33DC-46EC-B9ED-9C37BC3984C9}.Debug|iPhone.Build.0 = Debug|iPhone
		{97417B27-33DC-46EC-B9ED-9C37BC3984C9}.Debug|iPhoneSimulator.ActiveCfg = Debug|iPhoneSimulator
		{97417B27-33DC-46EC-B9ED-9C37BC3984C9}.Debug|iPhoneSimulator.Build.0 = Debug|iPhoneSimulator
		{97417B27-33DC-46EC-B9ED-9C37BC3984C9}.Debug|x64.ActiveCfg = Debug|iPhone
		{97417B27-33DC-46EC-B9ED-9C37BC3984C9}.Debug|x86.ActiveCfg = Debug|iPhone
		{97417B27-33DC-46EC-B9ED-9C37BC3984C9}.Release|Any CPU.ActiveCfg = Release|iPhone
		{97417B27-33DC-46EC-B9ED-9C37BC3984C9}.Release|ARM.ActiveCfg = Release|iPhone
		{97417B27-33DC-46EC-B9ED-9C37BC3984C9}.Release|ARM64.ActiveCfg = Release|iPhone
		{97417B27-33DC-46EC-B9ED-9C37BC3984C9}.Release|iPhone.ActiveCfg = Release|iPhone
		{97417B27-33DC-46EC-B9ED-9C37BC3984C9}.Release|iPhone.Build.0 = Release|iPhone
		{97417B27-33DC-46EC-B9ED-9C37BC3984C9}.Release|iPhoneSimulator.ActiveCfg = Release|iPhoneSimulator
		{97417B27-33DC-46EC-B9ED-9C37BC3984C9}.Release|iPhoneSimulator.Build.0 = Release|iPhoneSimulator
		{97417B27-33DC-46EC-B9ED-9C37BC3984C9}.Release|x64.ActiveCfg = Release|iPhone
		{97417B27-33DC-46EC-B9ED-9C37BC3984C9}.Release|x86.ActiveCfg = Release|iPhone
		{0F662631-A73B-45D8-97FE-628D7CA64473}.Ad-Hoc|Any CPU.ActiveCfg = Release|x64
		{0F662631-A73B-45D8-97FE-628D7CA64473}.Ad-Hoc|Any CPU.Build.0 = Release|x64
		{0F662631-A73B-45D8-97FE-628D7CA64473}.Ad-Hoc|Any CPU.Deploy.0 = Release|x64
		{0F662631-A73B-45D8-97FE-628D7CA64473}.Ad-Hoc|ARM.ActiveCfg = Release|ARM
		{0F662631-A73B-45D8-97FE-628D7CA64473}.Ad-Hoc|ARM.Build.0 = Release|ARM
		{0F662631-A73B-45D8-97FE-628D7CA64473}.Ad-Hoc|ARM.Deploy.0 = Release|ARM
		{0F662631-A73B-45D8-97FE-628D7CA64473}.Ad-Hoc|ARM64.ActiveCfg = Release|ARM64
		{0F662631-A73B-45D8-97FE-628D7CA64473}.Ad-Hoc|ARM64.Build.0 = Release|ARM64
		{0F662631-A73B-45D8-97FE-628D7CA64473}.Ad-Hoc|ARM64.Deploy.0 = Release|ARM64
		{0F662631-A73B-45D8-97FE-628D7CA64473}.Ad-Hoc|iPhone.ActiveCfg = Release|x64
		{0F662631-A73B-45D8-97FE-628D7CA64473}.Ad-Hoc|iPhone.Build.0 = Release|x64
		{0F662631-A73B-45D8-97FE-628D7CA64473}.Ad-Hoc|iPhone.Deploy.0 = Release|x64
		{0F662631-A73B-45D8-97FE-628D7CA64473}.Ad-Hoc|iPhoneSimulator.ActiveCfg = Release|x64
		{0F662631-A73B-45D8-97FE-628D7CA64473}.Ad-Hoc|iPhoneSimulator.Build.0 = Release|x64
		{0F662631-A73B-45D8-97FE-628D7CA64473}.Ad-Hoc|iPhoneSimulator.Deploy.0 = Release|x64
		{0F662631-A73B-45D8-97FE-628D7CA64473}.Ad-Hoc|x64.ActiveCfg = Release|x64
		{0F662631-A73B-45D8-97FE-628D7CA64473}.Ad-Hoc|x64.Build.0 = Release|x64
		{0F662631-A73B-45D8-97FE-628D7CA64473}.Ad-Hoc|x64.Deploy.0 = Release|x64
		{0F662631-A73B-45D8-97FE-628D7CA64473}.Ad-Hoc|x86.ActiveCfg = Release|x86
		{0F662631-A73B-45D8-97FE-628D7CA64473}.Ad-Hoc|x86.Build.0 = Release|x86
		{0F662631-A73B-45D8-97FE-628D7CA64473}.Ad-Hoc|x86.Deploy.0 = Release|x86
		{0F662631-A73B-45D8-97FE-628D7CA64473}.AppStore|Any CPU.ActiveCfg = Release|x64
		{0F662631-A73B-45D8-97FE-628D7CA64473}.AppStore|Any CPU.Build.0 = Release|x64
		{0F662631-A73B-45D8-97FE-628D7CA64473}.AppStore|Any CPU.Deploy.0 = Release|x64
		{0F662631-A73B-45D8-97FE-628D7CA64473}.AppStore|ARM.ActiveCfg = Release|ARM
		{0F662631-A73B-45D8-97FE-628D7CA64473}.AppStore|ARM.Build.0 = Release|ARM
		{0F662631-A73B-45D8-97FE-628D7CA64473}.AppStore|ARM.Deploy.0 = Release|ARM
		{0F662631-A73B-45D8-97FE-628D7CA64473}.AppStore|ARM64.ActiveCfg = Release|ARM64
		{0F662631-A73B-45D8-97FE-628D7CA64473}.AppStore|ARM64.Build.0 = Release|ARM64
		{0F662631-A73B-45D8-97FE-628D7CA64473}.AppStore|ARM64.Deploy.0 = Release|ARM64
		{0F662631-A73B-45D8-97FE-628D7CA64473}.AppStore|iPhone.ActiveCfg = Release|x64
		{0F662631-A73B-45D8-97FE-628D7CA64473}.AppStore|iPhone.Build.0 = Release|x64
		{0F662631-A73B-45D8-97FE-628D7CA64473}.AppStore|iPhone.Deploy.0 = Release|x64
		{0F662631-A73B-45D8-97FE-628D7CA64473}.AppStore|iPhoneSimulator.ActiveCfg = Release|x64
		{0F662631-A73B-45D8-97FE-628D7CA64473}.AppStore|iPhoneSimulator.Build.0 = Release|x64
		{0F662631-A73B-45D8-97FE-628D7CA64473}.AppStore|iPhoneSimulator.Deploy.0 = Release|x64
		{0F662631-A73B-45D8-97FE-628D7CA64473}.AppStore|x64.ActiveCfg = Release|x64
		{0F662631-A73B-45D8-97FE-628D7CA64473}.AppStore|x64.Build.0 = Release|x64
		{0F662631-A73B-45D8-97FE-628D7CA64473}.AppStore|x64.Deploy.0 = Release|x64
		{0F662631-A73B-45D8-97FE-628D7CA64473}.AppStore|x86.ActiveCfg = Release|x86
		{0F662631-A73B-45D8-97FE-628D7CA64473}.AppStore|x86.Build.0 = Release|x86
		{0F662631-A73B-45D8-97FE-628D7CA64473}.AppStore|x86.Deploy.0 = Release|x86
		{0F662631-A73B-45D8-97FE-628D7CA64473}.Debug|Any CPU.ActiveCfg = Debug|x86
		{0F662631-A73B-45D8-97FE-628D7CA64473}.Debug|ARM.ActiveCfg = Debug|ARM
		{0F662631-A73B-45D8-97FE-628D7CA64473}.Debug|ARM.Build.0 = Debug|ARM
		{0F662631-A73B-45D8-97FE-628D7CA64473}.Debug|ARM.Deploy.0 = Debug|ARM
		{0F662631-A73B-45D8-97FE-628D7CA64473}.Debug|ARM64.ActiveCfg = Debug|ARM64
		{0F662631-A73B-45D8-97FE-628D7CA64473}.Debug|ARM64.Build.0 = Debug|ARM64
		{0F662631-A73B-45D8-97FE-628D7CA64473}.Debug|ARM64.Deploy.0 = Debug|ARM64
		{0F662631-A73B-45D8-97FE-628D7CA64473}.Debug|iPhone.ActiveCfg = Debug|x86
		{0F662631-A73B-45D8-97FE-628D7CA64473}.Debug|iPhoneSimulator.ActiveCfg = Debug|x86
		{0F662631-A73B-45D8-97FE-628D7CA64473}.Debug|x64.ActiveCfg = Debug|x64
		{0F662631-A73B-45D8-97FE-628D7CA64473}.Debug|x64.Build.0 = Debug|x64
		{0F662631-A73B-45D8-97FE-628D7CA64473}.Debug|x64.Deploy.0 = Debug|x64
		{0F662631-A73B-45D8-97FE-628D7CA64473}.Debug|x86.ActiveCfg = Debug|x86
		{0F662631-A73B-45D8-97FE-628D7CA64473}.Debug|x86.Build.0 = Debug|x86
		{0F662631-A73B-45D8-97FE-628D7CA64473}.Debug|x86.Deploy.0 = Debug|x86
		{0F662631-A73B-45D8-97FE-628D7CA64473}.Release|Any CPU.ActiveCfg = Release|x86
		{0F662631-A73B-45D8-97FE-628D7CA64473}.Release|ARM.ActiveCfg = Release|ARM
		{0F662631-A73B-45D8-97FE-628D7CA64473}.Release|ARM.Build.0 = Release|ARM
		{0F662631-A73B-45D8-97FE-628D7CA64473}.Release|ARM.Deploy.0 = Release|ARM
		{0F662631-A73B-45D8-97FE-628D7CA64473}.Release|ARM64.ActiveCfg = Release|ARM64
		{0F662631-A73B-45D8-97FE-628D7CA64473}.Release|ARM64.Build.0 = Release|ARM64
		{0F662631-A73B-45D8-97FE-628D7CA64473}.Release|ARM64.Deploy.0 = Release|ARM64
		{0F662631-A73B-45D8-97FE-628D7CA64473}.Release|iPhone.ActiveCfg = Release|x86
		{0F662631-A73B-45D8-97FE-628D7CA64473}.Release|iPhoneSimulator.ActiveCfg = Release|x86
		{0F662631-A73B-45D8-97FE-628D7CA64473}.Release|x64.ActiveCfg = Release|x64
		{0F662631-A73B-45D8-97FE-628D7CA64473}.Release|x64.Build.0 = Release|x64
		{0F662631-A73B-45D8-97FE-628D7CA64473}.Release|x64.Deploy.0 = Release|x64
		{0F662631-A73B-45D8-97FE-628D7CA64473}.Release|x86.ActiveCfg = Release|x86
		{0F662631-A73B-45D8-97FE-628D7CA64473}.Release|x86.Build.0 = Release|x86
		{0F662631-A73B-45D8-97FE-628D7CA64473}.Release|x86.Deploy.0 = Release|x86
		{2A00C566-70D6-43A6-BA4F-E21FF9D8068A}.Ad-Hoc|Any CPU.ActiveCfg = Debug|Any CPU
		{2A00C566-70D6-43A6-BA4F-E21FF9D8068A}.Ad-Hoc|Any CPU.Build.0 = Debug|Any CPU
		{2A00C566-70D6-43A6-BA4F-E21FF9D8068A}.Ad-Hoc|ARM.ActiveCfg = Debug|Any CPU
		{2A00C566-70D6-43A6-BA4F-E21FF9D8068A}.Ad-Hoc|ARM.Build.0 = Debug|Any CPU
		{2A00C566-70D6-43A6-BA4F-E21FF9D8068A}.Ad-Hoc|ARM64.ActiveCfg = Debug|Any CPU
		{2A00C566-70D6-43A6-BA4F-E21FF9D8068A}.Ad-Hoc|ARM64.Build.0 = Debug|Any CPU
		{2A00C566-70D6-43A6-BA4F-E21FF9D8068A}.Ad-Hoc|iPhone.ActiveCfg = Debug|Any CPU
		{2A00C566-70D6-43A6-BA4F-E21FF9D8068A}.Ad-Hoc|iPhone.Build.0 = Debug|Any CPU
		{2A00C566-70D6-43A6-BA4F-E21FF9D8068A}.Ad-Hoc|iPhoneSimulator.ActiveCfg = Debug|Any CPU
		{2A00C566-70D6-43A6-BA4F-E21FF9D8068A}.Ad-Hoc|iPhoneSimulator.Build.0 = Debug|Any CPU
		{2A00C566-70D6-43A6-BA4F-E21FF9D8068A}.Ad-Hoc|x64.ActiveCfg = Debug|Any CPU
		{2A00C566-70D6-43A6-BA4F-E21FF9D8068A}.Ad-Hoc|x64.Build.0 = Debug|Any CPU
		{2A00C566-70D6-43A6-BA4F-E21FF9D8068A}.Ad-Hoc|x86.ActiveCfg = Debug|Any CPU
		{2A00C566-70D6-43A6-BA4F-E21FF9D8068A}.Ad-Hoc|x86.Build.0 = Debug|Any CPU
		{2A00C566-70D6-43A6-BA4F-E21FF9D8068A}.AppStore|Any CPU.ActiveCfg = Debug|Any CPU
		{2A00C566-70D6-43A6-BA4F-E21FF9D8068A}.AppStore|Any CPU.Build.0 = Debug|Any CPU
		{2A00C566-70D6-43A6-BA4F-E21FF9D8068A}.AppStore|ARM.ActiveCfg = Debug|Any CPU
		{2A00C566-70D6-43A6-BA4F-E21FF9D8068A}.AppStore|ARM.Build.0 = Debug|Any CPU
		{2A00C566-70D6-43A6-BA4F-E21FF9D8068A}.AppStore|ARM64.ActiveCfg = Debug|Any CPU
		{2A00C566-70D6-43A6-BA4F-E21FF9D8068A}.AppStore|ARM64.Build.0 = Debug|Any CPU
		{2A00C566-70D6-43A6-BA4F-E21FF9D8068A}.AppStore|iPhone.ActiveCfg = Debug|Any CPU
		{2A00C566-70D6-43A6-BA4F-E21FF9D8068A}.AppStore|iPhone.Build.0 = Debug|Any CPU
		{2A00C566-70D6-43A6-BA4F-E21FF9D8068A}.AppStore|iPhoneSimulator.ActiveCfg = Debug|Any CPU
		{2A00C566-70D6-43A6-BA4F-E21FF9D8068A}.AppStore|iPhoneSimulator.Build.0 = Debug|Any CPU
		{2A00C566-70D6-43A6-BA4F-E21FF9D8068A}.AppStore|x64.ActiveCfg = Debug|Any CPU
		{2A00C566-70D6-43A6-BA4F-E21FF9D8068A}.AppStore|x64.Build.0 = Debug|Any CPU
		{2A00C566-70D6-43A6-BA4F-E21FF9D8068A}.AppStore|x86.ActiveCfg = Debug|Any CPU
		{2A00C566-70D6-43A6-BA4F-E21FF9D8068A}.AppStore|x86.Build.0 = Debug|Any CPU
		{2A00C566-70D6-43A6-BA4F-E21FF9D8068A}.Debug|Any CPU.ActiveCfg = Debug|Any CPU
		{2A00C566-70D6-43A6-BA4F-E21FF9D8068A}.Debug|Any CPU.Build.0 = Debug|Any CPU
		{2A00C566-70D6-43A6-BA4F-E21FF9D8068A}.Debug|ARM.ActiveCfg = Debug|Any CPU
		{2A00C566-70D6-43A6-BA4F-E21FF9D8068A}.Debug|ARM.Build.0 = Debug|Any CPU
		{2A00C566-70D6-43A6-BA4F-E21FF9D8068A}.Debug|ARM64.ActiveCfg = Debug|Any CPU
		{2A00C566-70D6-43A6-BA4F-E21FF9D8068A}.Debug|ARM64.Build.0 = Debug|Any CPU
		{2A00C566-70D6-43A6-BA4F-E21FF9D8068A}.Debug|iPhone.ActiveCfg = Debug|Any CPU
		{2A00C566-70D6-43A6-BA4F-E21FF9D8068A}.Debug|iPhone.Build.0 = Debug|Any CPU
		{2A00C566-70D6-43A6-BA4F-E21FF9D8068A}.Debug|iPhoneSimulator.ActiveCfg = Debug|Any CPU
		{2A00C566-70D6-43A6-BA4F-E21FF9D8068A}.Debug|iPhoneSimulator.Build.0 = Debug|Any CPU
		{2A00C566-70D6-43A6-BA4F-E21FF9D8068A}.Debug|x64.ActiveCfg = Debug|Any CPU
		{2A00C566-70D6-43A6-BA4F-E21FF9D8068A}.Debug|x64.Build.0 = Debug|Any CPU
		{2A00C566-70D6-43A6-BA4F-E21FF9D8068A}.Debug|x86.ActiveCfg = Debug|Any CPU
		{2A00C566-70D6-43A6-BA4F-E21FF9D8068A}.Debug|x86.Build.0 = Debug|Any CPU
		{2A00C566-70D6-43A6-BA4F-E21FF9D8068A}.Release|Any CPU.ActiveCfg = Release|Any CPU
		{2A00C566-70D6-43A6-BA4F-E21FF9D8068A}.Release|Any CPU.Build.0 = Release|Any CPU
		{2A00C566-70D6-43A6-BA4F-E21FF9D8068A}.Release|ARM.ActiveCfg = Release|Any CPU
		{2A00C566-70D6-43A6-BA4F-E21FF9D8068A}.Release|ARM.Build.0 = Release|Any CPU
		{2A00C566-70D6-43A6-BA4F-E21FF9D8068A}.Release|ARM64.ActiveCfg = Release|Any CPU
		{2A00C566-70D6-43A6-BA4F-E21FF9D8068A}.Release|ARM64.Build.0 = Release|Any CPU
		{2A00C566-70D6-43A6-BA4F-E21FF9D8068A}.Release|iPhone.ActiveCfg = Release|Any CPU
		{2A00C566-70D6-43A6-BA4F-E21FF9D8068A}.Release|iPhone.Build.0 = Release|Any CPU
		{2A00C566-70D6-43A6-BA4F-E21FF9D8068A}.Release|iPhoneSimulator.ActiveCfg = Release|Any CPU
		{2A00C566-70D6-43A6-BA4F-E21FF9D8068A}.Release|iPhoneSimulator.Build.0 = Release|Any CPU
		{2A00C566-70D6-43A6-BA4F-E21FF9D8068A}.Release|x64.ActiveCfg = Release|Any CPU
		{2A00C566-70D6-43A6-BA4F-E21FF9D8068A}.Release|x64.Build.0 = Release|Any CPU
		{2A00C566-70D6-43A6-BA4F-E21FF9D8068A}.Release|x86.ActiveCfg = Release|Any CPU
		{2A00C566-70D6-43A6-BA4F-E21FF9D8068A}.Release|x86.Build.0 = Release|Any CPU
		{A6EFD8BF-3229-446C-BED4-6FD374BC9251}.Ad-Hoc|Any CPU.ActiveCfg = Release|iPhoneSimulator
		{A6EFD8BF-3229-446C-BED4-6FD374BC9251}.Ad-Hoc|Any CPU.Build.0 = Release|iPhoneSimulator
		{A6EFD8BF-3229-446C-BED4-6FD374BC9251}.Ad-Hoc|ARM.ActiveCfg = Release|iPhoneSimulator
		{A6EFD8BF-3229-446C-BED4-6FD374BC9251}.Ad-Hoc|ARM.Build.0 = Release|iPhoneSimulator
		{A6EFD8BF-3229-446C-BED4-6FD374BC9251}.Ad-Hoc|ARM64.ActiveCfg = Release|iPhoneSimulator
		{A6EFD8BF-3229-446C-BED4-6FD374BC9251}.Ad-Hoc|ARM64.Build.0 = Release|iPhoneSimulator
		{A6EFD8BF-3229-446C-BED4-6FD374BC9251}.Ad-Hoc|iPhone.ActiveCfg = Release|iPhoneSimulator
		{A6EFD8BF-3229-446C-BED4-6FD374BC9251}.Ad-Hoc|iPhone.Build.0 = Release|iPhoneSimulator
		{A6EFD8BF-3229-446C-BED4-6FD374BC9251}.Ad-Hoc|iPhoneSimulator.ActiveCfg = Release|iPhoneSimulator
		{A6EFD8BF-3229-446C-BED4-6FD374BC9251}.Ad-Hoc|iPhoneSimulator.Build.0 = Release|iPhoneSimulator
		{A6EFD8BF-3229-446C-BED4-6FD374BC9251}.Ad-Hoc|x64.ActiveCfg = Release|iPhoneSimulator
		{A6EFD8BF-3229-446C-BED4-6FD374BC9251}.Ad-Hoc|x64.Build.0 = Release|iPhoneSimulator
		{A6EFD8BF-3229-446C-BED4-6FD374BC9251}.Ad-Hoc|x86.ActiveCfg = Release|iPhoneSimulator
		{A6EFD8BF-3229-446C-BED4-6FD374BC9251}.Ad-Hoc|x86.Build.0 = Release|iPhoneSimulator
		{A6EFD8BF-3229-446C-BED4-6FD374BC9251}.AppStore|Any CPU.ActiveCfg = Release|iPhoneSimulator
		{A6EFD8BF-3229-446C-BED4-6FD374BC9251}.AppStore|Any CPU.Build.0 = Release|iPhoneSimulator
		{A6EFD8BF-3229-446C-BED4-6FD374BC9251}.AppStore|ARM.ActiveCfg = Release|iPhoneSimulator
		{A6EFD8BF-3229-446C-BED4-6FD374BC9251}.AppStore|ARM.Build.0 = Release|iPhoneSimulator
		{A6EFD8BF-3229-446C-BED4-6FD374BC9251}.AppStore|ARM64.ActiveCfg = Release|iPhoneSimulator
		{A6EFD8BF-3229-446C-BED4-6FD374BC9251}.AppStore|ARM64.Build.0 = Release|iPhoneSimulator
		{A6EFD8BF-3229-446C-BED4-6FD374BC9251}.AppStore|iPhone.ActiveCfg = Release|iPhoneSimulator
		{A6EFD8BF-3229-446C-BED4-6FD374BC9251}.AppStore|iPhone.Build.0 = Release|iPhoneSimulator
		{A6EFD8BF-3229-446C-BED4-6FD374BC9251}.AppStore|iPhoneSimulator.ActiveCfg = Release|iPhoneSimulator
		{A6EFD8BF-3229-446C-BED4-6FD374BC9251}.AppStore|iPhoneSimulator.Build.0 = Release|iPhoneSimulator
		{A6EFD8BF-3229-446C-BED4-6FD374BC9251}.AppStore|x64.ActiveCfg = Release|iPhoneSimulator
		{A6EFD8BF-3229-446C-BED4-6FD374BC9251}.AppStore|x64.Build.0 = Release|iPhoneSimulator
		{A6EFD8BF-3229-446C-BED4-6FD374BC9251}.AppStore|x86.ActiveCfg = Release|iPhoneSimulator
		{A6EFD8BF-3229-446C-BED4-6FD374BC9251}.AppStore|x86.Build.0 = Release|iPhoneSimulator
		{A6EFD8BF-3229-446C-BED4-6FD374BC9251}.Debug|Any CPU.ActiveCfg = Debug|iPhoneSimulator
		{A6EFD8BF-3229-446C-BED4-6FD374BC9251}.Debug|ARM.ActiveCfg = Debug|iPhoneSimulator
		{A6EFD8BF-3229-446C-BED4-6FD374BC9251}.Debug|ARM64.ActiveCfg = Debug|iPhoneSimulator
		{A6EFD8BF-3229-446C-BED4-6FD374BC9251}.Debug|iPhone.ActiveCfg = Debug|iPhoneSimulator
		{A6EFD8BF-3229-446C-BED4-6FD374BC9251}.Debug|iPhoneSimulator.ActiveCfg = Debug|iPhoneSimulator
		{A6EFD8BF-3229-446C-BED4-6FD374BC9251}.Debug|iPhoneSimulator.Build.0 = Debug|iPhoneSimulator
		{A6EFD8BF-3229-446C-BED4-6FD374BC9251}.Debug|x64.ActiveCfg = Debug|iPhoneSimulator
		{A6EFD8BF-3229-446C-BED4-6FD374BC9251}.Debug|x86.ActiveCfg = Debug|iPhoneSimulator
		{A6EFD8BF-3229-446C-BED4-6FD374BC9251}.Release|Any CPU.ActiveCfg = Release|iPhoneSimulator
		{A6EFD8BF-3229-446C-BED4-6FD374BC9251}.Release|ARM.ActiveCfg = Release|iPhoneSimulator
		{A6EFD8BF-3229-446C-BED4-6FD374BC9251}.Release|ARM64.ActiveCfg = Release|iPhoneSimulator
		{A6EFD8BF-3229-446C-BED4-6FD374BC9251}.Release|iPhone.ActiveCfg = Release|iPhoneSimulator
		{A6EFD8BF-3229-446C-BED4-6FD374BC9251}.Release|iPhoneSimulator.ActiveCfg = Release|iPhoneSimulator
		{A6EFD8BF-3229-446C-BED4-6FD374BC9251}.Release|iPhoneSimulator.Build.0 = Release|iPhoneSimulator
		{A6EFD8BF-3229-446C-BED4-6FD374BC9251}.Release|x64.ActiveCfg = Release|iPhoneSimulator
		{A6EFD8BF-3229-446C-BED4-6FD374BC9251}.Release|x86.ActiveCfg = Release|iPhoneSimulator
	EndGlobalSection
	GlobalSection(SolutionProperties) = preSolution
		HideSolutionNode = FALSE
	EndGlobalSection
	GlobalSection(ExtensibilityGlobals) = postSolution
		SolutionGuid = {6E373E91-23B6-4053-B10E-4649C58ACDE7}
	EndGlobalSection
EndGlobal
